
Microsoft Visual Studio Solution File, Format Version 12.00
# Visual Studio Version 16
VisualStudioVersion = 16.0.30503.244
MinimumVisualStudioVersion = 10.0.40219.1
Project("{9A19103F-16F7-4668-BE54-9A1E7A4F7556}") = "PWA.Server", "PWA\Server\PWA.Server.csproj", "{135C6965-5BCF-4E70-9552-95CE711E302A}"
EndProject
Project("{9A19103F-16F7-4668-BE54-9A1E7A4F7556}") = "PWA.Client", "PWA\Client\PWA.Client.csproj", "{6B43577B-60D8-40AB-8F02-5235F122977B}"
EndProject
Project("{9A19103F-16F7-4668-BE54-9A1E7A4F7556}") = "PWA.Shared", "PWA\Shared\PWA.Shared.csproj", "{1F841009-3881-4391-B79D-4DA866E33FD9}"
EndProject
Global
	GlobalSection(SolutionConfigurationPlatforms) = preSolution
		Debug|Any CPU = Debug|Any CPU
		Release|Any CPU = Release|Any CPU
	EndGlobalSection
	GlobalSection(ProjectConfigurationPlatforms) = postSolution
		{135C6965-5BCF-4E70-9552-95CE711E302A}.Debug|Any CPU.ActiveCfg = Debug|Any CPU
		{135C6965-5BCF-4E70-9552-95CE711E302A}.Debug|Any CPU.Build.0 = Debug|Any CPU
		{135C6965-5BCF-4E70-9552-95CE711E302A}.Release|Any CPU.ActiveCfg = Release|Any CPU
		{135C6965-5BCF-4E70-9552-95CE711E302A}.Release|Any CPU.Build.0 = Release|Any CPU
		{6B43577B-60D8-40AB-8F02-5235F122977B}.Debug|Any CPU.ActiveCfg = Debug|Any CPU
		{6B43577B-60D8-40AB-8F02-5235F122977B}.Debug|Any CPU.Build.0 = Debug|Any CPU
		{6B43577B-60D8-40AB-8F02-5235F122977B}.Release|Any CPU.ActiveCfg = Release|Any CPU
		{6B43577B-60D8-40AB-8F02-5235F122977B}.Release|Any CPU.Build.0 = Release|Any CPU
		{1F841009-3881-4391-B79D-4DA866E33FD9}.Debug|Any CPU.ActiveCfg = Debug|Any CPU
		{1F841009-3881-4391-B79D-4DA866E33FD9}.Debug|Any CPU.Build.0 = Debug|Any CPU
		{1F841009-3881-4391-B79D-4DA866E33FD9}.Release|Any CPU.ActiveCfg = Release|Any CPU
		{1F841009-3881-4391-B79D-4DA866E33FD9}.Release|Any CPU.Build.0 = Release|Any CPU
	EndGlobalSection
	GlobalSection(SolutionProperties) = preSolution
		HideSolutionNode = FALSE
	EndGlobalSection
	GlobalSection(ExtensibilityGlobals) = postSolution
		SolutionGuid = {A7C42077-FF2E-4E30-B2F5-F7AAA2D7280E}
	EndGlobalSection
EndGlobal
